
Microsoft Visual Studio Solution File, Format Version 12.00
# Visual Studio 2013
VisualStudioVersion = 12.0.21005.1
MinimumVisualStudioVersion = 10.0.40219.1
Project("{FAE04EC0-301F-11D3-BF4B-00C04F79EFBC}") = "SolidworksApiProject", "SolidworksApiProject\SolidworksApiProject.csproj", "{21B09086-5504-46E6-92BB-3746B2451BAD}"
EndProject
Global
	GlobalSection(SolutionConfigurationPlatforms) = preSolution
		Debug|Any CPU = Debug|Any CPU
		Release|Any CPU = Release|Any CPU
	EndGlobalSection
	GlobalSection(ProjectConfigurationPlatforms) = postSolution
		{21B09086-5504-46E6-92BB-3746B2451BAD}.Debug|Any CPU.ActiveCfg = Debug|Any CPU
		{21B09086-5504-46E6-92BB-3746B2451BAD}.Debug|Any CPU.Build.0 = Debug|Any CPU
		{21B09086-5504-46E6-92BB-3746B2451BAD}.Release|Any CPU.ActiveCfg = Release|Any CPU
		{21B09086-5504-46E6-92BB-3746B2451BAD}.Release|Any CPU.Build.0 = Release|Any CPU
	EndGlobalSection
	GlobalSection(SolutionProperties) = preSolution
		HideSolutionNode = FALSE
	EndGlobalSection
EndGlobal
